
Microsoft Visual Studio Solution File, Format Version 12.00
# Visual Studio Version 17
VisualStudioVersion = 17.6.33801.468
MinimumVisualStudioVersion = 10.0.40219.1
Project("{FAE04EC0-301F-11D3-BF4B-00C04F79EFBC}") = "ApiWeb", "ApiWeb\ApiWeb.csproj", "{105DB767-4854-4E83-A04D-405F62BE1557}"
EndProject
Global
	GlobalSection(SolutionConfigurationPlatforms) = preSolution
		Debug|Any CPU = Debug|Any CPU
		Release|Any CPU = Release|Any CPU
	EndGlobalSection
	GlobalSection(ProjectConfigurationPlatforms) = postSolution
		{105DB767-4854-4E83-A04D-405F62BE1557}.Debug|Any CPU.ActiveCfg = Debug|Any CPU
		{105DB767-4854-4E83-A04D-405F62BE1557}.Debug|Any CPU.Build.0 = Debug|Any CPU
		{105DB767-4854-4E83-A04D-405F62BE1557}.Release|Any CPU.ActiveCfg = Release|Any CPU
		{105DB767-4854-4E83-A04D-405F62BE1557}.Release|Any CPU.Build.0 = Release|Any CPU
	EndGlobalSection
	GlobalSection(SolutionProperties) = preSolution
		HideSolutionNode = FALSE
	EndGlobalSection
	GlobalSection(ExtensibilityGlobals) = postSolution
		SolutionGuid = {73EFFBF7-6711-4B74-85BA-C2D8C4CB1A01}
	EndGlobalSection
EndGlobal
